
Microsoft Visual Studio Solution File, Format Version 12.00
# Visual Studio Version 17
VisualStudioVersion = 17.13.35919.96 d17.13
MinimumVisualStudioVersion = 10.0.40219.1
Project("{FAE04EC0-301F-11D3-BF4B-00C04F79EFBC}") = "RibbonHelloWorld", "RibbonHelloWorld\RibbonHelloWorld.csproj", "{B99599EC-5331-4DBB-BB41-4FFC75A6598A}"
EndProject
Global
	GlobalSection(SolutionConfigurationPlatforms) = preSolution
		Debug|Any CPU = Debug|Any CPU
		Release|Any CPU = Release|Any CPU
	EndGlobalSection
	GlobalSection(ProjectConfigurationPlatforms) = postSolution
		{B99599EC-5331-4DBB-BB41-4FFC75A6598A}.Debug|Any CPU.ActiveCfg = Debug|Any CPU
		{B99599EC-5331-4DBB-BB41-4FFC75A6598A}.Debug|Any CPU.Build.0 = Debug|Any CPU
		{B99599EC-5331-4DBB-BB41-4FFC75A6598A}.Release|Any CPU.ActiveCfg = Release|Any CPU
		{B99599EC-5331-4DBB-BB41-4FFC75A6598A}.Release|Any CPU.Build.0 = Release|Any CPU
	EndGlobalSection
	GlobalSection(SolutionProperties) = preSolution
		HideSolutionNode = FALSE
	EndGlobalSection
	GlobalSection(ExtensibilityGlobals) = postSolution
		SolutionGuid = {02690EA0-5DF7-43D6-9D57-6B1D47916D79}
	EndGlobalSection
EndGlobal
